// !$*UTF8*$!
{
	archiveVersion = 1;
	classes = {
	};
	objectVersion = 46;
	objects = {

/* Begin PBXBuildFile section */
		655E34DB202C1CAE00C31724 /* Product.swift in Sources */ = {isa = PBXBuildFile; fileRef = 655E34DA202C1CAE00C31724 /* Product.swift */; };
		655E34DD202C209700C31724 /* Client.swift in Sources */ = {isa = PBXBuildFile; fileRef = 655E34DC202C209700C31724 /* Client.swift */; };
		655E3501202C274200C31724 /* NCC Kitchen Assistent.xcdatamodeld in Sources */ = {isa = PBXBuildFile; fileRef = 655E34FF202C274200C31724 /* NCC Kitchen Assistent.xcdatamodeld */; };
		655E3505202C2F0C00C31724 /* ClientViewController.swift in Sources */ = {isa = PBXBuildFile; fileRef = 655E3504202C2F0C00C31724 /* ClientViewController.swift */; };
		655E3507202CEA0400C31724 /* MainTableViewController.swift in Sources */ = {isa = PBXBuildFile; fileRef = 655E3506202CEA0400C31724 /* MainTableViewController.swift */; };
		655E3509202CEECD00C31724 /* ClientListViewController.swift in Sources */ = {isa = PBXBuildFile; fileRef = 655E3508202CEECD00C31724 /* ClientListViewController.swift */; };
		655E350B202CF3B500C31724 /* ProductListViewController.swift in Sources */ = {isa = PBXBuildFile; fileRef = 655E350A202CF3B500C31724 /* ProductListViewController.swift */; };
		655E350D202CF61100C31724 /* ProductViewController.swift in Sources */ = {isa = PBXBuildFile; fileRef = 655E350C202CF61100C31724 /* ProductViewController.swift */; };
		655E35112045C0BB00C31724 /* clientProductCell.swift in Sources */ = {isa = PBXBuildFile; fileRef = 655E35102045C0BB00C31724 /* clientProductCell.swift */; };
		655E351320460EDD00C31724 /* WeeklyViewController.swift in Sources */ = {isa = PBXBuildFile; fileRef = 655E351220460EDD00C31724 /* WeeklyViewController.swift */; };
		655E351520461CED00C31724 /* weekCell.swift in Sources */ = {isa = PBXBuildFile; fileRef = 655E351420461CED00C31724 /* weekCell.swift */; };
		655E35172046386800C31724 /* PopupClientController.swift in Sources */ = {isa = PBXBuildFile; fileRef = 655E35162046386800C31724 /* PopupClientController.swift */; };
		655E35192049BA2D00C31724 /* TodayViewController.swift in Sources */ = {isa = PBXBuildFile; fileRef = 655E35182049BA2D00C31724 /* TodayViewController.swift */; };
		655E351B2049CB4400C31724 /* Alamofire.framework in Frameworks */ = {isa = PBXBuildFile; fileRef = 655E351A2049CB4400C31724 /* Alamofire.framework */; };
		655E351D2049CDB400C31724 /* Alamofire.framework in Embed Frameworks */ = {isa = PBXBuildFile; fileRef = 655E351A2049CB4400C31724 /* Alamofire.framework */; settings = {ATTRIBUTES = (CodeSignOnCopy, RemoveHeadersOnCopy, ); }; };
		655E3520206369C800C31724 /* SwiftyJSON.framework in Frameworks */ = {isa = PBXBuildFile; fileRef = 655E351F206369C800C31724 /* SwiftyJSON.framework */; };
		655E3521206369EA00C31724 /* SwiftyJSON.framework in Frameworks */ = {isa = PBXBuildFile; fileRef = 655E351F206369C800C31724 /* SwiftyJSON.framework */; };
		655E3522206369EA00C31724 /* SwiftyJSON.framework in Embed Frameworks */ = {isa = PBXBuildFile; fileRef = 655E351F206369C800C31724 /* SwiftyJSON.framework */; settings = {ATTRIBUTES = (CodeSignOnCopy, RemoveHeadersOnCopy, ); }; };
		65B3D70C206998C900706E0E /* SettingsPopupViewController.swift in Sources */ = {isa = PBXBuildFile; fileRef = 65B3D70B206998C900706E0E /* SettingsPopupViewController.swift */; };
		65BA6FBF1FE4312400E32B19 /* Main.storyboard in Resources */ = {isa = PBXBuildFile; fileRef = 65BA6FBE1FE4312300E32B19 /* Main.storyboard */; };
		E222C0E41FC4B79B005854F0 /* MSAL.framework in Frameworks */ = {isa = PBXBuildFile; fileRef = E222C0E31FC4B79B005854F0 /* MSAL.framework */; };
		E2768ED61FBE126C00619473 /* AppDelegate.swift in Sources */ = {isa = PBXBuildFile; fileRef = E2768ED51FBE126C00619473 /* AppDelegate.swift */; };
		E2768ED81FBE126C00619473 /* ViewController.swift in Sources */ = {isa = PBXBuildFile; fileRef = E2768ED71FBE126C00619473 /* ViewController.swift */; };
		E2768EDD1FBE126C00619473 /* Assets.xcassets in Resources */ = {isa = PBXBuildFile; fileRef = E2768EDC1FBE126C00619473 /* Assets.xcassets */; };
		E2768EE01FBE126C00619473 /* LaunchScreen.storyboard in Resources */ = {isa = PBXBuildFile; fileRef = E2768EDE1FBE126C00619473 /* LaunchScreen.storyboard */; };
		E2768EEB1FBE126C00619473 /* NCC_Kitchen_AssistantTests.swift in Sources */ = {isa = PBXBuildFile; fileRef = E2768EEA1FBE126C00619473 /* NCC_Kitchen_AssistantTests.swift */; };
		E2768EF61FBE126C00619473 /* NCC_Kitchen_AssistantUITests.swift in Sources */ = {isa = PBXBuildFile; fileRef = E2768EF51FBE126C00619473 /* NCC_Kitchen_AssistantUITests.swift */; };
/* End PBXBuildFile section */

/* Begin PBXContainerItemProxy section */
		E2768EE71FBE126C00619473 /* PBXContainerItemProxy */ = {
			isa = PBXContainerItemProxy;
			containerPortal = E2768ECA1FBE126C00619473 /* Project object */;
			proxyType = 1;
			remoteGlobalIDString = E2768ED11FBE126C00619473;
			remoteInfo = "NCC Kitchen Assistant";
		};
		E2768EF21FBE126C00619473 /* PBXContainerItemProxy */ = {
			isa = PBXContainerItemProxy;
			containerPortal = E2768ECA1FBE126C00619473 /* Project object */;
			proxyType = 1;
			remoteGlobalIDString = E2768ED11FBE126C00619473;
			remoteInfo = "NCC Kitchen Assistant";
		};
/* End PBXContainerItemProxy section */

/* Begin PBXCopyFilesBuildPhase section */
		655E351E2049CDB400C31724 /* Embed Frameworks */ = {
			isa = PBXCopyFilesBuildPhase;
			buildActionMask = 2147483647;
			dstPath = "";
			dstSubfolderSpec = 10;
			files = (
				655E3522206369EA00C31724 /* SwiftyJSON.framework in Embed Frameworks */,
				655E351D2049CDB400C31724 /* Alamofire.framework in Embed Frameworks */,
			);
			name = "Embed Frameworks";
			runOnlyForDeploymentPostprocessing = 0;
		};
/* End PBXCopyFilesBuildPhase section */

/* Begin PBXFileReference section */
		655E34DA202C1CAE00C31724 /* Product.swift */ = {isa = PBXFileReference; lastKnownFileType = sourcecode.swift; path = Product.swift; sourceTree = "<group>"; };
		655E34DC202C209700C31724 /* Client.swift */ = {isa = PBXFileReference; lastKnownFileType = sourcecode.swift; path = Client.swift; sourceTree = "<group>"; };
		655E3500202C274200C31724 /* NCC Kitchen Assistent.xcdatamodel */ = {isa = PBXFileReference; lastKnownFileType = wrapper.xcdatamodel; path = "NCC Kitchen Assistent.xcdatamodel"; sourceTree = "<group>"; };
		655E3504202C2F0C00C31724 /* ClientViewController.swift */ = {isa = PBXFileReference; lastKnownFileType = sourcecode.swift; path = ClientViewController.swift; sourceTree = "<group>"; };
		655E3506202CEA0400C31724 /* MainTableViewController.swift */ = {isa = PBXFileReference; lastKnownFileType = sourcecode.swift; path = MainTableViewController.swift; sourceTree = "<group>"; };
		655E3508202CEECD00C31724 /* ClientListViewController.swift */ = {isa = PBXFileReference; lastKnownFileType = sourcecode.swift; path = ClientListViewController.swift; sourceTree = "<group>"; };
		655E350A202CF3B500C31724 /* ProductListViewController.swift */ = {isa = PBXFileReference; lastKnownFileType = sourcecode.swift; path = ProductListViewController.swift; sourceTree = "<group>"; };
		655E350C202CF61100C31724 /* ProductViewController.swift */ = {isa = PBXFileReference; lastKnownFileType = sourcecode.swift; path = ProductViewController.swift; sourceTree = "<group>"; };
		655E35102045C0BB00C31724 /* clientProductCell.swift */ = {isa = PBXFileReference; lastKnownFileType = sourcecode.swift; path = clientProductCell.swift; sourceTree = "<group>"; };
		655E351220460EDD00C31724 /* WeeklyViewController.swift */ = {isa = PBXFileReference; lastKnownFileType = sourcecode.swift; path = WeeklyViewController.swift; sourceTree = "<group>"; };
		655E351420461CED00C31724 /* weekCell.swift */ = {isa = PBXFileReference; lastKnownFileType = sourcecode.swift; path = weekCell.swift; sourceTree = "<group>"; };
		655E35162046386800C31724 /* PopupClientController.swift */ = {isa = PBXFileReference; lastKnownFileType = sourcecode.swift; path = PopupClientController.swift; sourceTree = "<group>"; };
		655E35182049BA2D00C31724 /* TodayViewController.swift */ = {isa = PBXFileReference; lastKnownFileType = sourcecode.swift; path = TodayViewController.swift; sourceTree = "<group>"; };
		655E351A2049CB4400C31724 /* Alamofire.framework */ = {isa = PBXFileReference; lastKnownFileType = wrapper.framework; name = Alamofire.framework; path = Carthage/Build/iOS/Alamofire.framework; sourceTree = "<group>"; };
		655E351F206369C800C31724 /* SwiftyJSON.framework */ = {isa = PBXFileReference; lastKnownFileType = wrapper.framework; name = SwiftyJSON.framework; path = Carthage/Build/iOS/SwiftyJSON.framework; sourceTree = "<group>"; };
		65B3D70B206998C900706E0E /* SettingsPopupViewController.swift */ = {isa = PBXFileReference; lastKnownFileType = sourcecode.swift; path = SettingsPopupViewController.swift; sourceTree = "<group>"; };
		65BA6FBE1FE4312300E32B19 /* Main.storyboard */ = {isa = PBXFileReference; fileEncoding = 4; lastKnownFileType = file.storyboard; path = Main.storyboard; sourceTree = "<group>"; };
		E222C0E31FC4B79B005854F0 /* MSAL.framework */ = {isa = PBXFileReference; lastKnownFileType = wrapper.framework; name = MSAL.framework; path = Carthage/Build/iOS/MSAL.framework; sourceTree = "<group>"; };
		E2768ED21FBE126C00619473 /* NCC Kitchen Assistant.app */ = {isa = PBXFileReference; explicitFileType = wrapper.application; includeInIndex = 0; path = "NCC Kitchen Assistant.app"; sourceTree = BUILT_PRODUCTS_DIR; };
		E2768ED51FBE126C00619473 /* AppDelegate.swift */ = {isa = PBXFileReference; lastKnownFileType = sourcecode.swift; path = AppDelegate.swift; sourceTree = "<group>"; };
		E2768ED71FBE126C00619473 /* ViewController.swift */ = {isa = PBXFileReference; lastKnownFileType = sourcecode.swift; path = ViewController.swift; sourceTree = "<group>"; };
		E2768EDC1FBE126C00619473 /* Assets.xcassets */ = {isa = PBXFileReference; lastKnownFileType = folder.assetcatalog; path = Assets.xcassets; sourceTree = "<group>"; };
		E2768EDF1FBE126C00619473 /* Base */ = {isa = PBXFileReference; lastKnownFileType = file.storyboard; name = Base; path = Base.lproj/LaunchScreen.storyboard; sourceTree = "<group>"; };
		E2768EE11FBE126C00619473 /* Info.plist */ = {isa = PBXFileReference; lastKnownFileType = text.plist.xml; path = Info.plist; sourceTree = "<group>"; };
		E2768EE61FBE126C00619473 /* NCC Kitchen AssistantTests.xctest */ = {isa = PBXFileReference; explicitFileType = wrapper.cfbundle; includeInIndex = 0; path = "NCC Kitchen AssistantTests.xctest"; sourceTree = BUILT_PRODUCTS_DIR; };
		E2768EEA1FBE126C00619473 /* NCC_Kitchen_AssistantTests.swift */ = {isa = PBXFileReference; lastKnownFileType = sourcecode.swift; path = NCC_Kitchen_AssistantTests.swift; sourceTree = "<group>"; };
		E2768EEC1FBE126C00619473 /* Info.plist */ = {isa = PBXFileReference; lastKnownFileType = text.plist.xml; path = Info.plist; sourceTree = "<group>"; };
		E2768EF11FBE126C00619473 /* NCC Kitchen AssistantUITests.xctest */ = {isa = PBXFileReference; explicitFileType = wrapper.cfbundle; includeInIndex = 0; path = "NCC Kitchen AssistantUITests.xctest"; sourceTree = BUILT_PRODUCTS_DIR; };
		E2768EF51FBE126C00619473 /* NCC_Kitchen_AssistantUITests.swift */ = {isa = PBXFileReference; lastKnownFileType = sourcecode.swift; path = NCC_Kitchen_AssistantUITests.swift; sourceTree = "<group>"; };
		E2768EF71FBE126C00619473 /* Info.plist */ = {isa = PBXFileReference; lastKnownFileType = text.plist.xml; path = Info.plist; sourceTree = "<group>"; };
/* End PBXFileReference section */

/* Begin PBXFrameworksBuildPhase section */
		E2768ECF1FBE126C00619473 /* Frameworks */ = {
			isa = PBXFrameworksBuildPhase;
			buildActionMask = 2147483647;
			files = (
				655E3521206369EA00C31724 /* SwiftyJSON.framework in Frameworks */,
				655E3520206369C800C31724 /* SwiftyJSON.framework in Frameworks */,
				655E351B2049CB4400C31724 /* Alamofire.framework in Frameworks */,
				E222C0E41FC4B79B005854F0 /* MSAL.framework in Frameworks */,
			);
			runOnlyForDeploymentPostprocessing = 0;
		};
		E2768EE31FBE126C00619473 /* Frameworks */ = {
			isa = PBXFrameworksBuildPhase;
			buildActionMask = 2147483647;
			files = (
			);
			runOnlyForDeploymentPostprocessing = 0;
		};
		E2768EEE1FBE126C00619473 /* Frameworks */ = {
			isa = PBXFrameworksBuildPhase;
			buildActionMask = 2147483647;
			files = (
			);
			runOnlyForDeploymentPostprocessing = 0;
		};
/* End PBXFrameworksBuildPhase section */

/* Begin PBXGroup section */
		E222C0E21FC4B79B005854F0 /* Frameworks */ = {
			isa = PBXGroup;
			children = (
				655E351F206369C800C31724 /* SwiftyJSON.framework */,
				655E351A2049CB4400C31724 /* Alamofire.framework */,
				E222C0E31FC4B79B005854F0 /* MSAL.framework */,
			);
			name = Frameworks;
			sourceTree = "<group>";
		};
		E2768EC91FBE126C00619473 = {
			isa = PBXGroup;
			children = (
				E2768ED41FBE126C00619473 /* NCC Kitchen Assistant */,
				E2768EE91FBE126C00619473 /* NCC Kitchen AssistantTests */,
				E2768EF41FBE126C00619473 /* NCC Kitchen AssistantUITests */,
				E2768ED31FBE126C00619473 /* Products */,
				E222C0E21FC4B79B005854F0 /* Frameworks */,
			);
			sourceTree = "<group>";
		};
		E2768ED31FBE126C00619473 /* Products */ = {
			isa = PBXGroup;
			children = (
				E2768ED21FBE126C00619473 /* NCC Kitchen Assistant.app */,
				E2768EE61FBE126C00619473 /* NCC Kitchen AssistantTests.xctest */,
				E2768EF11FBE126C00619473 /* NCC Kitchen AssistantUITests.xctest */,
			);
			name = Products;
			sourceTree = "<group>";
		};
		E2768ED41FBE126C00619473 /* NCC Kitchen Assistant */ = {
			isa = PBXGroup;
			children = (
				E2768ED51FBE126C00619473 /* AppDelegate.swift */,
				E2768ED71FBE126C00619473 /* ViewController.swift */,
				655E3506202CEA0400C31724 /* MainTableViewController.swift */,
				65BA6FBE1FE4312300E32B19 /* Main.storyboard */,
				65B3D70B206998C900706E0E /* SettingsPopupViewController.swift */,
				655E35182049BA2D00C31724 /* TodayViewController.swift */,
				655E351220460EDD00C31724 /* WeeklyViewController.swift */,
				655E35162046386800C31724 /* PopupClientController.swift */,
				655E351420461CED00C31724 /* weekCell.swift */,
				655E350C202CF61100C31724 /* ProductViewController.swift */,
				655E350A202CF3B500C31724 /* ProductListViewController.swift */,
				655E3504202C2F0C00C31724 /* ClientViewController.swift */,
				655E35102045C0BB00C31724 /* clientProductCell.swift */,
				655E3508202CEECD00C31724 /* ClientListViewController.swift */,
				655E34DA202C1CAE00C31724 /* Product.swift */,
				655E34DC202C209700C31724 /* Client.swift */,
				655E34FF202C274200C31724 /* NCC Kitchen Assistent.xcdatamodeld */,
				E2768EDC1FBE126C00619473 /* Assets.xcassets */,
				E2768EDE1FBE126C00619473 /* LaunchScreen.storyboard */,
				E2768EE11FBE126C00619473 /* Info.plist */,
			);
			path = "NCC Kitchen Assistant";
			sourceTree = "<group>";
		};
		E2768EE91FBE126C00619473 /* NCC Kitchen AssistantTests */ = {
			isa = PBXGroup;
			children = (
				E2768EEA1FBE126C00619473 /* NCC_Kitchen_AssistantTests.swift */,
				E2768EEC1FBE126C00619473 /* Info.plist */,
			);
			path = "NCC Kitchen AssistantTests";
			sourceTree = "<group>";
		};
		E2768EF41FBE126C00619473 /* NCC Kitchen AssistantUITests */ = {
			isa = PBXGroup;
			children = (
				E2768EF51FBE126C00619473 /* NCC_Kitchen_AssistantUITests.swift */,
				E2768EF71FBE126C00619473 /* Info.plist */,
			);
			path = "NCC Kitchen AssistantUITests";
			sourceTree = "<group>";
		};
/* End PBXGroup section */

/* Begin PBXNativeTarget section */
		E2768ED11FBE126C00619473 /* NCC Kitchen Assistant */ = {
			isa = PBXNativeTarget;
			buildConfigurationList = E2768EFA1FBE126C00619473 /* Build configuration list for PBXNativeTarget "NCC Kitchen Assistant" */;
			buildPhases = (
				E2768ECE1FBE126C00619473 /* Sources */,
				E2768ECF1FBE126C00619473 /* Frameworks */,
				E2768ED01FBE126C00619473 /* Resources */,
				E222C0E51FC4B7B9005854F0 /* ShellScript */,
				655E351E2049CDB400C31724 /* Embed Frameworks */,
			);
			buildRules = (
			);
			dependencies = (
			);
			name = "NCC Kitchen Assistant";
			productName = "NCC Kitchen Assistant";
			productReference = E2768ED21FBE126C00619473 /* NCC Kitchen Assistant.app */;
			productType = "com.apple.product-type.application";
		};
		E2768EE51FBE126C00619473 /* NCC Kitchen AssistantTests */ = {
			isa = PBXNativeTarget;
			buildConfigurationList = E2768EFD1FBE126C00619473 /* Build configuration list for PBXNativeTarget "NCC Kitchen AssistantTests" */;
			buildPhases = (
				E2768EE21FBE126C00619473 /* Sources */,
				E2768EE31FBE126C00619473 /* Frameworks */,
				E2768EE41FBE126C00619473 /* Resources */,
			);
			buildRules = (
			);
			dependencies = (
				E2768EE81FBE126C00619473 /* PBXTargetDependency */,
			);
			name = "NCC Kitchen AssistantTests";
			productName = "NCC Kitchen AssistantTests";
			productReference = E2768EE61FBE126C00619473 /* NCC Kitchen AssistantTests.xctest */;
			productType = "com.apple.product-type.bundle.unit-test";
		};
		E2768EF01FBE126C00619473 /* NCC Kitchen AssistantUITests */ = {
			isa = PBXNativeTarget;
			buildConfigurationList = E2768F001FBE126C00619473 /* Build configuration list for PBXNativeTarget "NCC Kitchen AssistantUITests" */;
			buildPhases = (
				E2768EED1FBE126C00619473 /* Sources */,
				E2768EEE1FBE126C00619473 /* Frameworks */,
				E2768EEF1FBE126C00619473 /* Resources */,
			);
			buildRules = (
			);
			dependencies = (
				E2768EF31FBE126C00619473 /* PBXTargetDependency */,
			);
			name = "NCC Kitchen AssistantUITests";
			productName = "NCC Kitchen AssistantUITests";
			productReference = E2768EF11FBE126C00619473 /* NCC Kitchen AssistantUITests.xctest */;
			productType = "com.apple.product-type.bundle.ui-testing";
		};
/* End PBXNativeTarget section */

/* Begin PBXProject section */
		E2768ECA1FBE126C00619473 /* Project object */ = {
			isa = PBXProject;
			attributes = {
				LastSwiftUpdateCheck = 0830;
				LastUpgradeCheck = 0830;
				ORGANIZATIONNAME = "Naturally Curly Cook";
				TargetAttributes = {
					E2768ED11FBE126C00619473 = {
						CreatedOnToolsVersion = 8.3.3;
						DevelopmentTeam = 8SJ9YSKN9X;
						LastSwiftMigration = 0830;
						ProvisioningStyle = Automatic;
					};
					E2768EE51FBE126C00619473 = {
						CreatedOnToolsVersion = 8.3.3;
						LastSwiftMigration = 0830;
						ProvisioningStyle = Automatic;
						TestTargetID = E2768ED11FBE126C00619473;
					};
					E2768EF01FBE126C00619473 = {
						CreatedOnToolsVersion = 8.3.3;
						LastSwiftMigration = 0830;
						ProvisioningStyle = Automatic;
						TestTargetID = E2768ED11FBE126C00619473;
					};
				};
			};
			buildConfigurationList = E2768ECD1FBE126C00619473 /* Build configuration list for PBXProject "NCC Kitchen Assistant" */;
			compatibilityVersion = "Xcode 3.2";
			developmentRegion = English;
			hasScannedForEncodings = 0;
			knownRegions = (
				en,
				Base,
			);
			mainGroup = E2768EC91FBE126C00619473;
			productRefGroup = E2768ED31FBE126C00619473 /* Products */;
			projectDirPath = "";
			projectRoot = "";
			targets = (
				E2768ED11FBE126C00619473 /* NCC Kitchen Assistant */,
				E2768EE51FBE126C00619473 /* NCC Kitchen AssistantTests */,
				E2768EF01FBE126C00619473 /* NCC Kitchen AssistantUITests */,
			);
		};
/* End PBXProject section */

/* Begin PBXResourcesBuildPhase section */
		E2768ED01FBE126C00619473 /* Resources */ = {
			isa = PBXResourcesBuildPhase;
			buildActionMask = 2147483647;
			files = (
				E2768EE01FBE126C00619473 /* LaunchScreen.storyboard in Resources */,
				E2768EDD1FBE126C00619473 /* Assets.xcassets in Resources */,
				65BA6FBF1FE4312400E32B19 /* Main.storyboard in Resources */,
			);
			runOnlyForDeploymentPostprocessing = 0;
		};
		E2768EE41FBE126C00619473 /* Resources */ = {
			isa = PBXResourcesBuildPhase;
			buildActionMask = 2147483647;
			files = (
			);
			runOnlyForDeploymentPostprocessing = 0;
		};
		E2768EEF1FBE126C00619473 /* Resources */ = {
			isa = PBXResourcesBuildPhase;
			buildActionMask = 2147483647;
			files = (
			);
			runOnlyForDeploymentPostprocessing = 0;
		};
/* End PBXResourcesBuildPhase section */

/* Begin PBXShellScriptBuildPhase section */
		E222C0E51FC4B7B9005854F0 /* ShellScript */ = {
			isa = PBXShellScriptBuildPhase;
			buildActionMask = 2147483647;
			files = (
			);
			inputPaths = (
				"$(SRCROOT)/Carthage/Build/iOS/MSAL.framework",
			);
			outputPaths = (
			);
			runOnlyForDeploymentPostprocessing = 0;
			shellPath = /bin/sh;
			shellScript = "/usr/local/bin/carthage copy-frameworks";
		};
/* End PBXShellScriptBuildPhase section */

/* Begin PBXSourcesBuildPhase section */
		E2768ECE1FBE126C00619473 /* Sources */ = {
			isa = PBXSourcesBuildPhase;
			buildActionMask = 2147483647;
			files = (
				65B3D70C206998C900706E0E /* SettingsPopupViewController.swift in Sources */,
				E2768ED81FBE126C00619473 /* ViewController.swift in Sources */,
				655E3505202C2F0C00C31724 /* ClientViewController.swift in Sources */,
				655E35192049BA2D00C31724 /* TodayViewController.swift in Sources */,
				655E350B202CF3B500C31724 /* ProductListViewController.swift in Sources */,
				E2768ED61FBE126C00619473 /* AppDelegate.swift in Sources */,
				655E35112045C0BB00C31724 /* clientProductCell.swift in Sources */,
				655E35172046386800C31724 /* PopupClientController.swift in Sources */,
				655E34DD202C209700C31724 /* Client.swift in Sources */,
				655E3507202CEA0400C31724 /* MainTableViewController.swift in Sources */,
				655E3501202C274200C31724 /* NCC Kitchen Assistent.xcdatamodeld in Sources */,
				655E351520461CED00C31724 /* weekCell.swift in Sources */,
				655E3509202CEECD00C31724 /* ClientListViewController.swift in Sources */,
				655E351320460EDD00C31724 /* WeeklyViewController.swift in Sources */,
				655E350D202CF61100C31724 /* ProductViewController.swift in Sources */,
				655E34DB202C1CAE00C31724 /* Product.swift in Sources */,
			);
			runOnlyForDeploymentPostprocessing = 0;
		};
		E2768EE21FBE126C00619473 /* Sources */ = {
			isa = PBXSourcesBuildPhase;
			buildActionMask = 2147483647;
			files = (
				E2768EEB1FBE126C00619473 /* NCC_Kitchen_AssistantTests.swift in Sources */,
			);
			runOnlyForDeploymentPostprocessing = 0;
		};
		E2768EED1FBE126C00619473 /* Sources */ = {
			isa = PBXSourcesBuildPhase;
			buildActionMask = 2147483647;
			files = (
				E2768EF61FBE126C00619473 /* NCC_Kitchen_AssistantUITests.swift in Sources */,
			);
			runOnlyForDeploymentPostprocessing = 0;
		};
/* End PBXSourcesBuildPhase section */

/* Begin PBXTargetDependency section */
		E2768EE81FBE126C00619473 /* PBXTargetDependency */ = {
			isa = PBXTargetDependency;
			target = E2768ED11FBE126C00619473 /* NCC Kitchen Assistant */;
			targetProxy = E2768EE71FBE126C00619473 /* PBXContainerItemProxy */;
		};
		E2768EF31FBE126C00619473 /* PBXTargetDependency */ = {
			isa = PBXTargetDependency;
			target = E2768ED11FBE126C00619473 /* NCC Kitchen Assistant */;
			targetProxy = E2768EF21FBE126C00619473 /* PBXContainerItemProxy */;
		};
/* End PBXTargetDependency section */

/* Begin PBXVariantGroup section */
		E2768EDE1FBE126C00619473 /* LaunchScreen.storyboard */ = {
			isa = PBXVariantGroup;
			children = (
				E2768EDF1FBE126C00619473 /* Base */,
			);
			name = LaunchScreen.storyboard;
			sourceTree = "<group>";
		};
/* End PBXVariantGroup section */

/* Begin XCBuildConfiguration section */
		E2768EF81FBE126C00619473 /* Debug */ = {
			isa = XCBuildConfiguration;
			buildSettings = {
				ALWAYS_SEARCH_USER_PATHS = NO;
				CLANG_ANALYZER_NONNULL = YES;
				CLANG_ANALYZER_NUMBER_OBJECT_CONVERSION = YES_AGGRESSIVE;
				CLANG_CXX_LANGUAGE_STANDARD = "gnu++0x";
				CLANG_CXX_LIBRARY = "libc++";
				CLANG_ENABLE_MODULES = YES;
				CLANG_ENABLE_OBJC_ARC = YES;
				CLANG_WARN_BOOL_CONVERSION = YES;
				CLANG_WARN_CONSTANT_CONVERSION = YES;
				CLANG_WARN_DIRECT_OBJC_ISA_USAGE = YES_ERROR;
				CLANG_WARN_DOCUMENTATION_COMMENTS = YES;
				CLANG_WARN_EMPTY_BODY = YES;
				CLANG_WARN_ENUM_CONVERSION = YES;
				CLANG_WARN_INFINITE_RECURSION = YES;
				CLANG_WARN_INT_CONVERSION = YES;
				CLANG_WARN_OBJC_ROOT_CLASS = YES_ERROR;
				CLANG_WARN_SUSPICIOUS_MOVE = YES;
				CLANG_WARN_UNREACHABLE_CODE = YES;
				CLANG_WARN__DUPLICATE_METHOD_MATCH = YES;
				"CODE_SIGN_IDENTITY[sdk=iphoneos*]" = "iPhone Developer";
				COPY_PHASE_STRIP = NO;
				DEBUG_INFORMATION_FORMAT = dwarf;
				ENABLE_STRICT_OBJC_MSGSEND = YES;
				ENABLE_TESTABILITY = YES;
				GCC_C_LANGUAGE_STANDARD = gnu99;
				GCC_DYNAMIC_NO_PIC = NO;
				GCC_NO_COMMON_BLOCKS = YES;
				GCC_OPTIMIZATION_LEVEL = 0;
				GCC_PREPROCESSOR_DEFINITIONS = (
					"DEBUG=1",
					"$(inherited)",
				);
				GCC_WARN_64_TO_32_BIT_CONVERSION = YES;
				GCC_WARN_ABOUT_RETURN_TYPE = YES_ERROR;
				GCC_WARN_UNDECLARED_SELECTOR = YES;
				GCC_WARN_UNINITIALIZED_AUTOS = YES_AGGRESSIVE;
				GCC_WARN_UNUSED_FUNCTION = YES;
				GCC_WARN_UNUSED_VARIABLE = YES;
				IPHONEOS_DEPLOYMENT_TARGET = 10.3;
				MTL_ENABLE_DEBUG_INFO = YES;
				ONLY_ACTIVE_ARCH = YES;
				SDKROOT = iphoneos;
				SWIFT_ACTIVE_COMPILATION_CONDITIONS = DEBUG;
				SWIFT_OPTIMIZATION_LEVEL = "-Onone";
				TARGETED_DEVICE_FAMILY = 2;
			};
			name = Debug;
		};
		E2768EF91FBE126C00619473 /* Release */ = {
			isa = XCBuildConfiguration;
			buildSettings = {
				ALWAYS_SEARCH_USER_PATHS = NO;
				CLANG_ANALYZER_NONNULL = YES;
				CLANG_ANALYZER_NUMBER_OBJECT_CONVERSION = YES_AGGRESSIVE;
				CLANG_CXX_LANGUAGE_STANDARD = "gnu++0x";
				CLANG_CXX_LIBRARY = "libc++";
				CLANG_ENABLE_MODULES = YES;
				CLANG_ENABLE_OBJC_ARC = YES;
				CLANG_WARN_BOOL_CONVERSION = YES;
				CLANG_WARN_CONSTANT_CONVERSION = YES;
				CLANG_WARN_DIRECT_OBJC_ISA_USAGE = YES_ERROR;
				CLANG_WARN_DOCUMENTATION_COMMENTS = YES;
				CLANG_WARN_EMPTY_BODY = YES;
				CLANG_WARN_ENUM_CONVERSION = YES;
				CLANG_WARN_INFINITE_RECURSION = YES;
				CLANG_WARN_INT_CONVERSION = YES;
				CLANG_WARN_OBJC_ROOT_CLASS = YES_ERROR;
				CLANG_WARN_SUSPICIOUS_MOVE = YES;
				CLANG_WARN_UNREACHABLE_CODE = YES;
				CLANG_WARN__DUPLICATE_METHOD_MATCH = YES;
				"CODE_SIGN_IDENTITY[sdk=iphoneos*]" = "iPhone Developer";
				COPY_PHASE_STRIP = NO;
				DEBUG_INFORMATION_FORMAT = "dwarf-with-dsym";
				ENABLE_NS_ASSERTIONS = NO;
				ENABLE_STRICT_OBJC_MSGSEND = YES;
				GCC_C_LANGUAGE_STANDARD = gnu99;
				GCC_NO_COMMON_BLOCKS = YES;
				GCC_WARN_64_TO_32_BIT_CONVERSION = YES;
				GCC_WARN_ABOUT_RETURN_TYPE = YES_ERROR;
				GCC_WARN_UNDECLARED_SELECTOR = YES;
				GCC_WARN_UNINITIALIZED_AUTOS = YES_AGGRESSIVE;
				GCC_WARN_UNUSED_FUNCTION = YES;
				GCC_WARN_UNUSED_VARIABLE = YES;
				IPHONEOS_DEPLOYMENT_TARGET = 10.3;
				MTL_ENABLE_DEBUG_INFO = NO;
				SDKROOT = iphoneos;
				SWIFT_OPTIMIZATION_LEVEL = "-Owholemodule";
				TARGETED_DEVICE_FAMILY = 2;
				VALIDATE_PRODUCT = YES;
			};
			name = Release;
		};
		E2768EFB1FBE126C00619473 /* Debug */ = {
			isa = XCBuildConfiguration;
			buildSettings = {
				ASSETCATALOG_COMPILER_APPICON_NAME = AppIcon;
				DEVELOPMENT_TEAM = 8SJ9YSKN9X;
				FRAMEWORK_SEARCH_PATHS = (
					"$(inherited)",
					"$(PROJECT_DIR)/Carthage/Build/iOS",
				);
				INFOPLIST_FILE = "NCC Kitchen Assistant/Info.plist";
				LD_RUNPATH_SEARCH_PATHS = "$(inherited) @executable_path/Frameworks";
				PRODUCT_BUNDLE_IDENTIFIER = "NCC.NCC-Kitchen-Assistant";
				PRODUCT_NAME = "$(TARGET_NAME)";
				SWIFT_VERSION = 3.0;
			};
			name = Debug;
		};
		E2768EFC1FBE126C00619473 /* Release */ = {
			isa = XCBuildConfiguration;
			buildSettings = {
				ASSETCATALOG_COMPILER_APPICON_NAME = AppIcon;
				DEVELOPMENT_TEAM = 8SJ9YSKN9X;
				FRAMEWORK_SEARCH_PATHS = (
					"$(inherited)",
					"$(PROJECT_DIR)/Carthage/Build/iOS",
				);
				INFOPLIST_FILE = "NCC Kitchen Assistant/Info.plist";
				LD_RUNPATH_SEARCH_PATHS = "$(inherited) @executable_path/Frameworks";
				PRODUCT_BUNDLE_IDENTIFIER = "NCC.NCC-Kitchen-Assistant";
				PRODUCT_NAME = "$(TARGET_NAME)";
				SWIFT_VERSION = 3.0;
			};
			name = Release;
		};
		E2768EFE1FBE126C00619473 /* Debug */ = {
			isa = XCBuildConfiguration;
			buildSettings = {
				ALWAYS_EMBED_SWIFT_STANDARD_LIBRARIES = YES;
				BUNDLE_LOADER = "$(TEST_HOST)";
				INFOPLIST_FILE = "NCC Kitchen AssistantTests/Info.plist";
				LD_RUNPATH_SEARCH_PATHS = "$(inherited) @executable_path/Frameworks @loader_path/Frameworks";
				PRODUCT_BUNDLE_IDENTIFIER = "NCC.NCC-Kitchen-AssistantTests";
				PRODUCT_NAME = "$(TARGET_NAME)";
				SWIFT_VERSION = 3.0;
				TEST_HOST = "$(BUILT_PRODUCTS_DIR)/NCC Kitchen Assistant.app/NCC Kitchen Assistant";
			};
			name = Debug;
		};
		E2768EFF1FBE126C00619473 /* Release */ = {
			isa = XCBuildConfiguration;
			buildSettings = {
				ALWAYS_EMBED_SWIFT_STANDARD_LIBRARIES = YES;
				BUNDLE_LOADER = "$(TEST_HOST)";
				INFOPLIST_FILE = "NCC Kitchen AssistantTests/Info.plist";
				LD_RUNPATH_SEARCH_PATHS = "$(inherited) @executable_path/Frameworks @loader_path/Frameworks";
				PRODUCT_BUNDLE_IDENTIFIER = "NCC.NCC-Kitchen-AssistantTests";
				PRODUCT_NAME = "$(TARGET_NAME)";
				SWIFT_VERSION = 3.0;
				TEST_HOST = "$(BUILT_PRODUCTS_DIR)/NCC Kitchen Assistant.app/NCC Kitchen Assistant";
			};
			name = Release;
		};
		E2768F011FBE126C00619473 /* Debug */ = {
			isa = XCBuildConfiguration;
			buildSettings = {
				ALWAYS_EMBED_SWIFT_STANDARD_LIBRARIES = YES;
				INFOPLIST_FILE = "NCC Kitchen AssistantUITests/Info.plist";
				LD_RUNPATH_SEARCH_PATHS = "$(inherited) @executable_path/Frameworks @loader_path/Frameworks";
				PRODUCT_BUNDLE_IDENTIFIER = "NCC.NCC-Kitchen-AssistantUITests";
				PRODUCT_NAME = "$(TARGET_NAME)";
				SWIFT_VERSION = 3.0;
				TEST_TARGET_NAME = "NCC Kitchen Assistant";
			};
			name = Debug;
		};
		E2768F021FBE126C00619473 /* Release */ = {
			isa = XCBuildConfiguration;
			buildSettings = {
				ALWAYS_EMBED_SWIFT_STANDARD_LIBRARIES = YES;
				INFOPLIST_FILE = "NCC Kitchen AssistantUITests/Info.plist";
				LD_RUNPATH_SEARCH_PATHS = "$(inherited) @executable_path/Frameworks @loader_path/Frameworks";
				PRODUCT_BUNDLE_IDENTIFIER = "NCC.NCC-Kitchen-AssistantUITests";
				PRODUCT_NAME = "$(TARGET_NAME)";
				SWIFT_VERSION = 3.0;
				TEST_TARGET_NAME = "NCC Kitchen Assistant";
			};
			name = Release;
		};
/* End XCBuildConfiguration section */

/* Begin XCConfigurationList section */
		E2768ECD1FBE126C00619473 /* Build configuration list for PBXProject "NCC Kitchen Assistant" */ = {
			isa = XCConfigurationList;
			buildConfigurations = (
				E2768EF81FBE126C00619473 /* Debug */,
				E2768EF91FBE126C00619473 /* Release */,
			);
			defaultConfigurationIsVisible = 0;
			defaultConfigurationName = Release;
		};
		E2768EFA1FBE126C00619473 /* Build configuration list for PBXNativeTarget "NCC Kitchen Assistant" */ = {
			isa = XCConfigurationList;
			buildConfigurations = (
				E2768EFB1FBE126C00619473 /* Debug */,
				E2768EFC1FBE126C00619473 /* Release */,
			);
			defaultConfigurationIsVisible = 0;
			defaultConfigurationName = Release;
		};
		E2768EFD1FBE126C00619473 /* Build configuration list for PBXNativeTarget "NCC Kitchen AssistantTests" */ = {
			isa = XCConfigurationList;
			buildConfigurations = (
				E2768EFE1FBE126C00619473 /* Debug */,
				E2768EFF1FBE126C00619473 /* Release */,
			);
			defaultConfigurationIsVisible = 0;
			defaultConfigurationName = Release;
		};
		E2768F001FBE126C00619473 /* Build configuration list for PBXNativeTarget "NCC Kitchen AssistantUITests" */ = {
			isa = XCConfigurationList;
			buildConfigurations = (
				E2768F011FBE126C00619473 /* Debug */,
				E2768F021FBE126C00619473 /* Release */,
			);
			defaultConfigurationIsVisible = 0;
			defaultConfigurationName = Release;
		};
/* End XCConfigurationList section */

/* Begin XCVersionGroup section */
		655E34FF202C274200C31724 /* NCC Kitchen Assistent.xcdatamodeld */ = {
			isa = XCVersionGroup;
			children = (
				655E3500202C274200C31724 /* NCC Kitchen Assistent.xcdatamodel */,
			);
			currentVersion = 655E3500202C274200C31724 /* NCC Kitchen Assistent.xcdatamodel */;
			path = "NCC Kitchen Assistent.xcdatamodeld";
			sourceTree = "<group>";
			versionGroupType = wrapper.xcdatamodel;
		};
/* End XCVersionGroup section */
	};
	rootObject = E2768ECA1FBE126C00619473 /* Project object */;
}
